
Microsoft Visual Studio Solution File, Format Version 10.00
# Visual Studio 2008
Project("{8BC9CEB8-8B4A-11D0-8D11-00A0C91BC942}") = "AUTODP", "AUTODP.vcproj", "{7FF27BAC-07CE-4D17-9528-08D844D53981}"
EndProject
Project("{8BC9CEB8-8B4A-11D0-8D11-00A0C91BC942}") = "DP", "DP.vcproj", "{800878E3-FA60-4D4C-A99F-9D8016D1A05D}"
EndProject
Global
	GlobalSection(SolutionConfigurationPlatforms) = preSolution
		Debug|Win32 = Debug|Win32
		Release|Win32 = Release|Win32
	EndGlobalSection
	GlobalSection(ProjectConfigurationPlatforms) = postSolution
		{B5C8A5F4-7D31-438C-9D7B-3FE28D44ED8F}.Debug|Win32.ActiveCfg = Debug|Win32
		{B5C8A5F4-7D31-438C-9D7B-3FE28D44ED8F}.Debug|Win32.Build.0 = Debug|Win32
		{B5C8A5F4-7D31-438C-9D7B-3FE28D44ED8F}.Release|Win32.ActiveCfg = Release|Win32
		{B5C8A5F4-7D31-438C-9D7B-3FE28D44ED8F}.Release|Win32.Build.0 = Release|Win32
		{7FF27BAC-07CE-4D17-9528-08D844D53981}.Debug|Win32.ActiveCfg = Debug|Win32
		{7FF27BAC-07CE-4D17-9528-08D844D53981}.Debug|Win32.Build.0 = Debug|Win32
		{7FF27BAC-07CE-4D17-9528-08D844D53981}.Release|Win32.ActiveCfg = Release|Win32
		{7FF27BAC-07CE-4D17-9528-08D844D53981}.Release|Win32.Build.0 = Release|Win32
		{800878E3-FA60-4D4C-A99F-9D8016D1A05D}.Debug|Win32.ActiveCfg = Debug|Win32
		{800878E3-FA60-4D4C-A99F-9D8016D1A05D}.Debug|Win32.Build.0 = Debug|Win32
		{800878E3-FA60-4D4C-A99F-9D8016D1A05D}.Release|Win32.ActiveCfg = Release|Win32
		{800878E3-FA60-4D4C-A99F-9D8016D1A05D}.Release|Win32.Build.0 = Release|Win32
		{21A8C9B6-0957-402C-9FA7-11B31E600D62}.Debug|Win32.ActiveCfg = Debug|Win32
		{21A8C9B6-0957-402C-9FA7-11B31E600D62}.Debug|Win32.Build.0 = Debug|Win32
		{21A8C9B6-0957-402C-9FA7-11B31E600D62}.Release|Win32.ActiveCfg = Release|Win32
		{21A8C9B6-0957-402C-9FA7-11B31E600D62}.Release|Win32.Build.0 = Release|Win32
	EndGlobalSection
	GlobalSection(SolutionProperties) = preSolution
		HideSolutionNode = FALSE
	EndGlobalSection
EndGlobal
