<?xml version="1.0" encoding="utf-8"?>
<Project ToolsVersion="4.0" xmlns="http://schemas.microsoft.com/developer/msbuild/2003">
  <ItemGroup>
    <Filter Include="Source Files">
      <UniqueIdentifier>{faa7719f-a7e9-460e-9068-fb076322d65d}</UniqueIdentifier>
      <Extensions>cpp;c;cxx;rc;def;r;odl;idl;hpj;bat</Extensions>
    </Filter>
    <Filter Include="CODBARRAS">
      <UniqueIdentifier>{865ad5ae-4bca-46a2-8cff-9aab99eaeb4d}</UniqueIdentifier>
    </Filter>
  </ItemGroup>
  <ItemGroup>
    <ClCompile Include="..\FUENTES\CODBARRAS\barcode.c">
      <Filter>CODBARRAS</Filter>
    </ClCompile>
    <ClCompile Include="..\FUENTES\CODBARRAS\code.c">
      <Filter>CODBARRAS</Filter>
    </ClCompile>
    <ClCompile Include="..\FUENTES\CODBARRAS\code128.c">
      <Filter>CODBARRAS</Filter>
    </ClCompile>
    <ClCompile Include="..\FUENTES\CODBARRAS\code39.c">
      <Filter>CODBARRAS</Filter>
    </ClCompile>
    <ClCompile Include="..\FUENTES\CODBARRAS\int25.c">
      <Filter>CODBARRAS</Filter>
    </ClCompile>
    <ClCompile Include="..\FUENTES\CODBARRAS\upcean.c">
      <Filter>CODBARRAS</Filter>
    </ClCompile>
    <ClCompile Include="..\FUENTES\llwindows.c">
      <Filter>Source Files</Filter>
    </ClCompile>
    <ClCompile Include="..\FUENTES\v10232.C">
      <Filter>Source Files</Filter>
    </ClCompile>
    <ClCompile Include="..\FUENTES\v10aborta.c">
      <Filter>Source Files</Filter>
    </ClCompile>
    <ClCompile Include="..\FUENTES\v10ansioem.c">
      <Filter>Source Files</Filter>
    </ClCompile>
    <ClCompile Include="..\FUENTES\v10argv.c">
      <Filter>Source Files</Filter>
    </ClCompile>
    <ClCompile Include="..\FUENTES\v10atexit.c">
      <Filter>Source Files</Filter>
    </ClCompile>
    <ClCompile Include="..\FUENTES\v10buffer.c">
      <Filter>Source Files</Filter>
    </ClCompile>
    <ClCompile Include="..\FUENTES\v10cadenas.c">
      <Filter>Source Files</Filter>
    </ClCompile>
    <ClCompile Include="..\FUENTES\v10clipboard.c">
      <Filter>Source Files</Filter>
    </ClCompile>
    <ClCompile Include="..\FUENTES\v10combo.c">
      <Filter>Source Files</Filter>
    </ClCompile>
    <ClCompile Include="..\FUENTES\v10define.c">
      <Filter>Source Files</Filter>
    </ClCompile>
    <ClCompile Include="..\FUENTES\v10dialog.c">
      <Filter>Source Files</Filter>
    </ClCompile>
    <ClCompile Include="..\FUENTES\v10dinamica.c">
      <Filter>Source Files</Filter>
    </ClCompile>
    <ClCompile Include="..\FUENTES\v10dll.c">
      <Filter>Source Files</Filter>
    </ClCompile>
    <ClCompile Include="..\FUENTES\v10editor.c">
      <Filter>Source Files</Filter>
    </ClCompile>
    <ClCompile Include="..\FUENTES\v10encripta.c">
      <Filter>Source Files</Filter>
    </ClCompile>
    <ClCompile Include="..\FUENTES\v10entorno.c">
      <Filter>Source Files</Filter>
    </ClCompile>
    <ClCompile Include="..\FUENTES\v10excel.c">
      <Filter>Source Files</Filter>
    </ClCompile>
    <ClCompile Include="..\FUENTES\v10fichero.c">
      <Filter>Source Files</Filter>
    </ClCompile>
    <ClCompile Include="..\FUENTES\v10format.c">
      <Filter>Source Files</Filter>
    </ClCompile>
    <ClCompile Include="..\FUENTES\v10help.c">
      <Filter>Source Files</Filter>
    </ClCompile>
    <ClCompile Include="..\FUENTES\v10input.c">
      <Filter>Source Files</Filter>
    </ClCompile>
    <ClCompile Include="..\FUENTES\v10intdialog.c">
      <Filter>Source Files</Filter>
    </ClCompile>
    <ClCompile Include="..\FUENTES\v10listamenu.c">
      <Filter>Source Files</Filter>
    </ClCompile>
    <ClCompile Include="..\FUENTES\v10log.c">
      <Filter>Source Files</Filter>
    </ClCompile>
    <ClCompile Include="..\FUENTES\v10mensaje.c">
      <Filter>Source Files</Filter>
    </ClCompile>
    <ClCompile Include="..\FUENTES\v10menus.c">
      <Filter>Source Files</Filter>
    </ClCompile>
    <ClCompile Include="..\FUENTES\v10ole.c">
      <Filter>Source Files</Filter>
    </ClCompile>
    <ClCompile Include="..\FUENTES\v10punteros.c">
      <Filter>Source Files</Filter>
    </ClCompile>
    <ClCompile Include="..\FUENTES\v10sock.c">
      <Filter>Source Files</Filter>
    </ClCompile>
    <ClCompile Include="..\FUENTES\v10texto.c">
      <Filter>Source Files</Filter>
    </ClCompile>
    <ClCompile Include="..\FUENTES\v10time.c">
      <Filter>Source Files</Filter>
    </ClCompile>
    <ClCompile Include="..\FUENTES\v10timers.c">
      <Filter>Source Files</Filter>
    </ClCompile>
    <ClCompile Include="..\FUENTES\v10tipos.c">
      <Filter>Source Files</Filter>
    </ClCompile>
    <ClCompile Include="..\FUENTES\v10tooltip.c">
      <Filter>Source Files</Filter>
    </ClCompile>
    <ClCompile Include="..\FUENTES\v10trans.c">
      <Filter>Source Files</Filter>
    </ClCompile>
    <ClCompile Include="..\FUENTES\v10virtlista.c">
      <Filter>Source Files</Filter>
    </ClCompile>
    <ClCompile Include="..\FUENTES\v10virtsel.c">
      <Filter>Source Files</Filter>
    </ClCompile>
    <ClCompile Include="..\FUENTES\v10visualiza.c">
      <Filter>Source Files</Filter>
    </ClCompile>
    <ClCompile Include="..\FUENTES\w10keyboard.c">
      <Filter>Source Files</Filter>
    </ClCompile>
    <ClCompile Include="..\FUENTES\winmsg.c">
      <Filter>Source Files</Filter>
    </ClCompile>
    <ClCompile Include="..\FUENTES\winsimu.c">
      <Filter>Source Files</Filter>
    </ClCompile>
  </ItemGroup>
</Project>