<?xml version="1.0" encoding="utf-8"?>
<Project ToolsVersion="4.0" xmlns="http://schemas.microsoft.com/developer/msbuild/2003">
  <ItemGroup>
    <Filter Include="GENC">
      <UniqueIdentifier>{de519cf4-1ab1-4ec8-8000-7dbb8714a6f4}</UniqueIdentifier>
    </Filter>
    <Filter Include="GENCLIBRE">
      <UniqueIdentifier>{a9c004f3-1f56-48bc-b854-3ae059398d64}</UniqueIdentifier>
    </Filter>
  </ItemGroup>
  <ItemGroup>
    <ClCompile Include="..\FUENTES\AUTO\GENC\VDAGENCIA.c">
      <Filter>GENC</Filter>
    </ClCompile>
    <ClCompile Include="..\FUENTES\AUTO\GENC\VDALGORITMOS.c">
      <Filter>GENC</Filter>
    </ClCompile>
    <ClCompile Include="..\FUENTES\AUTO\GENC\VDALMA.c">
      <Filter>GENC</Filter>
    </ClCompile>
    <ClCompile Include="..\FUENTES\AUTO\GENC\VDAREA.c">
      <Filter>GENC</Filter>
    </ClCompile>
    <ClCompile Include="..\FUENTES\AUTO\GENC\VDARTIC.c">
      <Filter>GENC</Filter>
    </ClCompile>
    <ClCompile Include="..\FUENTES\AUTO\GENC\VDASIGNAGE.c">
      <Filter>GENC</Filter>
    </ClCompile>
    <ClCompile Include="..\FUENTES\AUTO\GENC\VDBULTOCAB.c">
      <Filter>GENC</Filter>
    </ClCompile>
    <ClCompile Include="..\FUENTES\AUTO\GENC\VDBULTOCABPINV.c">
      <Filter>GENC</Filter>
    </ClCompile>
    <ClCompile Include="..\FUENTES\AUTO\GENC\VDBULTOLIN.c">
      <Filter>GENC</Filter>
    </ClCompile>
    <ClCompile Include="..\FUENTES\AUTO\GENC\VDCAJAS.c">
      <Filter>GENC</Filter>
    </ClCompile>
    <ClCompile Include="..\FUENTES\AUTO\GENC\VDCLASEARTIC.c">
      <Filter>GENC</Filter>
    </ClCompile>
    <ClCompile Include="..\FUENTES\AUTO\GENC\VDCLIENTES.c">
      <Filter>GENC</Filter>
    </ClCompile>
    <ClCompile Include="..\FUENTES\AUTO\GENC\VDCOLCAMBIOVOL.c">
      <Filter>GENC</Filter>
    </ClCompile>
    <ClCompile Include="..\FUENTES\AUTO\GENC\VDCOMEN.c">
      <Filter>GENC</Filter>
    </ClCompile>
    <ClCompile Include="..\FUENTES\AUTO\GENC\VDCONCEPTOFORM.c">
      <Filter>GENC</Filter>
    </ClCompile>
    <ClCompile Include="..\FUENTES\AUTO\GENC\VDCONFI.c">
      <Filter>GENC</Filter>
    </ClCompile>
    <ClCompile Include="..\FUENTES\AUTO\GENC\VDCONTE.c">
      <Filter>GENC</Filter>
    </ClCompile>
    <ClCompile Include="..\FUENTES\AUTO\GENC\VDCONVERSIONES.c">
      <Filter>GENC</Filter>
    </ClCompile>
    <ClCompile Include="..\FUENTES\AUTO\GENC\VDCORRSMTP.c">
      <Filter>GENC</Filter>
    </ClCompile>
    <ClCompile Include="..\FUENTES\AUTO\GENC\VDDEFBLOQUE.c">
      <Filter>GENC</Filter>
    </ClCompile>
    <ClCompile Include="..\FUENTES\AUTO\GENC\VDDEFCAMPO.c">
      <Filter>GENC</Filter>
    </ClCompile>
    <ClCompile Include="..\FUENTES\AUTO\GENC\VDDEMANDACAB.c">
      <Filter>GENC</Filter>
    </ClCompile>
    <ClCompile Include="..\FUENTES\AUTO\GENC\VDDEMANDALIN.c">
      <Filter>GENC</Filter>
    </ClCompile>
    <ClCompile Include="..\FUENTES\AUTO\GENC\VDDEMANDATIPO.c">
      <Filter>GENC</Filter>
    </ClCompile>
    <ClCompile Include="..\FUENTES\AUTO\GENC\VDDIVIS.c">
      <Filter>GENC</Filter>
    </ClCompile>
    <ClCompile Include="..\FUENTES\AUTO\GENC\VDEMPRE.c">
      <Filter>GENC</Filter>
    </ClCompile>
    <ClCompile Include="..\FUENTES\AUTO\GENC\VDFLUJOPARAM.c">
      <Filter>GENC</Filter>
    </ClCompile>
    <ClCompile Include="..\FUENTES\AUTO\GENC\VDGRAFICA.c">
      <Filter>GENC</Filter>
    </ClCompile>
    <ClCompile Include="..\FUENTES\AUTO\GENC\VDGRAFICAEJE.c">
      <Filter>GENC</Filter>
    </ClCompile>
    <ClCompile Include="..\FUENTES\AUTO\GENC\VDGRAFICAPIE.c">
      <Filter>GENC</Filter>
    </ClCompile>
    <ClCompile Include="..\FUENTES\AUTO\GENC\VDGRUPOSERV.c">
      <Filter>GENC</Filter>
    </ClCompile>
    <ClCompile Include="..\FUENTES\AUTO\GENC\VDIMPREASIG.c">
      <Filter>GENC</Filter>
    </ClCompile>
    <ClCompile Include="..\FUENTES\AUTO\GENC\VDIMPREGRUPO.c">
      <Filter>GENC</Filter>
    </ClCompile>
    <ClCompile Include="..\FUENTES\AUTO\GENC\VDIMPRESORAS.c">
      <Filter>GENC</Filter>
    </ClCompile>
    <ClCompile Include="..\FUENTES\AUTO\GENC\VDIMPRESPOOL.c">
      <Filter>GENC</Filter>
    </ClCompile>
    <ClCompile Include="..\FUENTES\AUTO\GENC\VDIMPRETIPO.c">
      <Filter>GENC</Filter>
    </ClCompile>
    <ClCompile Include="..\FUENTES\AUTO\GENC\VDINFOHARD.c">
      <Filter>GENC</Filter>
    </ClCompile>
    <ClCompile Include="..\FUENTES\AUTO\GENC\VDINFOHARDDISP.c">
      <Filter>GENC</Filter>
    </ClCompile>
    <ClCompile Include="..\FUENTES\AUTO\GENC\VDINFOLECTURAS.c">
      <Filter>GENC</Filter>
    </ClCompile>
    <ClCompile Include="..\FUENTES\AUTO\GENC\VDINTERFASECAB.c">
      <Filter>GENC</Filter>
    </ClCompile>
    <ClCompile Include="..\FUENTES\AUTO\GENC\VDINTERFASELIN.c">
      <Filter>GENC</Filter>
    </ClCompile>
    <ClCompile Include="..\FUENTES\AUTO\GENC\VDINTERFASETAB.c">
      <Filter>GENC</Filter>
    </ClCompile>
    <ClCompile Include="..\FUENTES\AUTO\GENC\VDINTERFCARGACAB.c">
      <Filter>GENC</Filter>
    </ClCompile>
    <ClCompile Include="..\FUENTES\AUTO\GENC\VDINTERFCARGALIN.c">
      <Filter>GENC</Filter>
    </ClCompile>
    <ClCompile Include="..\FUENTES\AUTO\GENC\VDLOTEBLOQ.c">
      <Filter>GENC</Filter>
    </ClCompile>
    <ClCompile Include="..\FUENTES\AUTO\GENC\VDLOTES.c">
      <Filter>GENC</Filter>
    </ClCompile>
    <ClCompile Include="..\FUENTES\AUTO\GENC\VDLOTESHIST.c">
      <Filter>GENC</Filter>
    </ClCompile>
    <ClCompile Include="..\FUENTES\AUTO\GENC\VDMOVIM.c">
      <Filter>GENC</Filter>
    </ClCompile>
    <ClCompile Include="..\FUENTES\AUTO\GENC\VDOPEACTIVIDAD.c">
      <Filter>GENC</Filter>
    </ClCompile>
    <ClCompile Include="..\FUENTES\AUTO\GENC\VDORDENADORES.c">
      <Filter>GENC</Filter>
    </ClCompile>
    <ClCompile Include="..\FUENTES\AUTO\GENC\VDORDRECCAB.c">
      <Filter>GENC</Filter>
    </ClCompile>
    <ClCompile Include="..\FUENTES\AUTO\GENC\VDORDRECLIN.c">
      <Filter>GENC</Filter>
    </ClCompile>
    <ClCompile Include="..\FUENTES\AUTO\GENC\VDPAIS.c">
      <Filter>GENC</Filter>
    </ClCompile>
    <ClCompile Include="..\FUENTES\AUTO\GENC\VDPEDIDOCAB.c">
      <Filter>GENC</Filter>
    </ClCompile>
    <ClCompile Include="..\FUENTES\AUTO\GENC\VDPEDIDOLIN.c">
      <Filter>GENC</Filter>
    </ClCompile>
    <ClCompile Include="..\FUENTES\AUTO\GENC\VDPEDIDORIGCAB.c">
      <Filter>GENC</Filter>
    </ClCompile>
    <ClCompile Include="..\FUENTES\AUTO\GENC\VDPEDIDORIGLIN.c">
      <Filter>GENC</Filter>
    </ClCompile>
    <ClCompile Include="..\FUENTES\AUTO\GENC\VDPERFILTAREA.c">
      <Filter>GENC</Filter>
    </ClCompile>
    <ClCompile Include="..\FUENTES\AUTO\GENC\VDPREPOSTALGORITMOS.c">
      <Filter>GENC</Filter>
    </ClCompile>
    <ClCompile Include="..\FUENTES\AUTO\GENC\VDPROCESOS.c">
      <Filter>GENC</Filter>
    </ClCompile>
    <ClCompile Include="..\FUENTES\AUTO\GENC\VDRECEPLIN.c">
      <Filter>GENC</Filter>
    </ClCompile>
    <ClCompile Include="..\FUENTES\AUTO\GENC\VDRECTAREA.c">
      <Filter>GENC</Filter>
    </ClCompile>
    <ClCompile Include="..\FUENTES\AUTO\GENC\VDRECURSO.c">
      <Filter>GENC</Filter>
    </ClCompile>
    <ClCompile Include="..\FUENTES\AUTO\GENC\VDSCANLECT.c">
      <Filter>GENC</Filter>
    </ClCompile>
    <ClCompile Include="..\FUENTES\AUTO\GENC\VDSCANMIRROR.c">
      <Filter>GENC</Filter>
    </ClCompile>
    <ClCompile Include="..\FUENTES\AUTO\GENC\VDSCANNUMSERIE.c">
      <Filter>GENC</Filter>
    </ClCompile>
    <ClCompile Include="..\FUENTES\AUTO\GENC\VDSERIEEXP.c">
      <Filter>GENC</Filter>
    </ClCompile>
    <ClCompile Include="..\FUENTES\AUTO\GENC\VDSERIEPREP.c">
      <Filter>GENC</Filter>
    </ClCompile>
    <ClCompile Include="..\FUENTES\AUTO\GENC\VDSERVICIOS.c">
      <Filter>GENC</Filter>
    </ClCompile>
    <ClCompile Include="..\FUENTES\AUTO\GENC\VDSTATUS.c">
      <Filter>GENC</Filter>
    </ClCompile>
    <ClCompile Include="..\FUENTES\AUTO\GENC\VDSTOCK.c">
      <Filter>GENC</Filter>
    </ClCompile>
    <ClCompile Include="..\FUENTES\AUTO\GENC\VDSTOCKFUENTE.c">
      <Filter>GENC</Filter>
    </ClCompile>
    <ClCompile Include="..\FUENTES\AUTO\GENC\VDTAREAS.c">
      <Filter>GENC</Filter>
    </ClCompile>
    <ClCompile Include="..\FUENTES\AUTO\GENC\VDTIPOCOMEN.c">
      <Filter>GENC</Filter>
    </ClCompile>
    <ClCompile Include="..\FUENTES\AUTO\GENC\VDTIPORDRECLIN.c">
      <Filter>GENC</Filter>
    </ClCompile>
    <ClCompile Include="..\FUENTES\AUTO\GENC\VDTRADCODIGO.c">
      <Filter>GENC</Filter>
    </ClCompile>
    <ClCompile Include="..\FUENTES\AUTO\GENC\VDUBICA.c">
      <Filter>GENC</Filter>
    </ClCompile>
    <ClCompile Include="..\FUENTES\AUTO\GENC\VDUSUARIO.c">
      <Filter>GENC</Filter>
    </ClCompile>
    <ClCompile Include="..\FUENTES\AUTO\GENCLIBRE\VDACTSTKBUL.c">
      <Filter>GENCLIBRE</Filter>
    </ClCompile>
    <ClCompile Include="..\FUENTES\AUTO\GENCLIBRE\VDARTICULOS.c">
      <Filter>GENCLIBRE</Filter>
    </ClCompile>
    <ClCompile Include="..\FUENTES\AUTO\GENCLIBRE\VDASIGNAGEAUX.c">
      <Filter>GENCLIBRE</Filter>
    </ClCompile>
    <ClCompile Include="..\FUENTES\AUTO\GENCLIBRE\VDBULTOAUX.c">
      <Filter>GENCLIBRE</Filter>
    </ClCompile>
    <ClCompile Include="..\FUENTES\AUTO\GENCLIBRE\VDBULTOSPINV.c">
      <Filter>GENCLIBRE</Filter>
    </ClCompile>
    <ClCompile Include="..\FUENTES\AUTO\GENCLIBRE\VDCAJAVOLAUX.c">
      <Filter>GENCLIBRE</Filter>
    </ClCompile>
    <ClCompile Include="..\FUENTES\AUTO\GENCLIBRE\VDCOMENTARIOS.c">
      <Filter>GENCLIBRE</Filter>
    </ClCompile>
    <ClCompile Include="..\FUENTES\AUTO\GENCLIBRE\VDCONTEAUX.c">
      <Filter>GENCLIBRE</Filter>
    </ClCompile>
    <ClCompile Include="..\FUENTES\AUTO\GENCLIBRE\VDCORREOSAUX.c">
      <Filter>GENCLIBRE</Filter>
    </ClCompile>
    <ClCompile Include="..\FUENTES\AUTO\GENCLIBRE\VDDEMANDAAUX.c">
      <Filter>GENCLIBRE</Filter>
    </ClCompile>
    <ClCompile Include="..\FUENTES\AUTO\GENCLIBRE\VDIMPRESIONAUX.c">
      <Filter>GENCLIBRE</Filter>
    </ClCompile>
    <ClCompile Include="..\FUENTES\AUTO\GENCLIBRE\VDINTERFASES.c">
      <Filter>GENCLIBRE</Filter>
    </ClCompile>
    <ClCompile Include="..\FUENTES\AUTO\GENCLIBRE\VDMOVAUX.c">
      <Filter>GENCLIBRE</Filter>
    </ClCompile>
    <ClCompile Include="..\FUENTES\AUTO\GENCLIBRE\VDORAERR.c">
      <Filter>GENCLIBRE</Filter>
    </ClCompile>
    <ClCompile Include="..\FUENTES\AUTO\GENCLIBRE\VDPEDIDOAUX.c">
      <Filter>GENCLIBRE</Filter>
    </ClCompile>
    <ClCompile Include="..\FUENTES\AUTO\GENCLIBRE\VDPEDIDORIGAUX.c">
      <Filter>GENCLIBRE</Filter>
    </ClCompile>
    <ClCompile Include="..\FUENTES\AUTO\GENCLIBRE\VDPICKINV.c">
      <Filter>GENCLIBRE</Filter>
    </ClCompile>
    <ClCompile Include="..\FUENTES\AUTO\GENCLIBRE\VDRECARGAAUX.c">
      <Filter>GENCLIBRE</Filter>
    </ClCompile>
    <ClCompile Include="..\FUENTES\AUTO\GENCLIBRE\VDRESERVAAUX.c">
      <Filter>GENCLIBRE</Filter>
    </ClCompile>
    <ClCompile Include="..\FUENTES\AUTO\GENCLIBRE\VDRUTAS.c">
      <Filter>GENCLIBRE</Filter>
    </ClCompile>
    <ClCompile Include="..\FUENTES\AUTO\GENCLIBRE\VDSEMAFOROAUX.c">
      <Filter>GENCLIBRE</Filter>
    </ClCompile>
    <ClCompile Include="..\FUENTES\AUTO\GENCLIBRE\VDSERIEAUX.c">
      <Filter>GENCLIBRE</Filter>
    </ClCompile>
    <ClCompile Include="..\FUENTES\AUTO\GENCLIBRE\VDSERVICIOAUX.c">
      <Filter>GENCLIBRE</Filter>
    </ClCompile>
    <ClCompile Include="..\FUENTES\AUTO\GENCLIBRE\VDSTOCKAUX.c">
      <Filter>GENCLIBRE</Filter>
    </ClCompile>
    <ClCompile Include="..\FUENTES\AUTO\GENCLIBRE\VDSTOCKFUENTEAUX.c">
      <Filter>GENCLIBRE</Filter>
    </ClCompile>
    <ClCompile Include="..\FUENTES\AUTO\GENCLIBRE\VDUBICAR.c">
      <Filter>GENCLIBRE</Filter>
    </ClCompile>
    <ClCompile Include="..\FUENTES\AUTO\GENCLIBRE\VDVERIF.c">
      <Filter>GENCLIBRE</Filter>
    </ClCompile>
    <ClCompile Include="..\FUENTES\AUTO\GENC\VDINFODISP.c">
      <Filter>GENC</Filter>
    </ClCompile>
    <ClCompile Include="..\FUENTES\AUTO\GENC\VDZONAS.c">
      <Filter>GENC</Filter>
    </ClCompile>
    <ClCompile Include="..\FUENTES\AUTO\GENCLIBRE\VDPICKING.c">
      <Filter>GENCLIBRE</Filter>
    </ClCompile>
  </ItemGroup>
</Project>