<?xml version="1.0" encoding="utf-8"?>
<Project ToolsVersion="4.0" xmlns="http://schemas.microsoft.com/developer/msbuild/2003">
  <ItemGroup>
    <ClCompile Include="..\fuentes\etiquetas\v10cursordin.c" />
    <ClCompile Include="..\fuentes\etiquetas\v10genetiq.c" />
    <ClCompile Include="..\fuentes\etiquetas\v10impreetiq.c" />
    <ClCompile Include="..\FUENTES\ETIQUETAS\V10METO.C" />
    <ClCompile Include="..\FUENTES\ETIQUETAS\V10METOII.C" />
    <ClCompile Include="..\FUENTES\ETIQUETAS\v10SATO.c" />
    <ClCompile Include="..\FUENTES\ETIQUETAS\V10TEC.C" />
    <ClCompile Include="..\fuentes\etiquetas\V10ZPL.C" />
    <ClCompile Include="..\FUENTES\ETIQUETAS\vdmarkpoint.c" />
    <ClCompile Include="..\FUENTES\ETIQUETAS\V10CAB.C" />
  </ItemGroup>
</Project>